
Microsoft Visual Studio Solution File, Format Version 12.00
# Visual Studio Version 17
VisualStudioVersion = 17.9.34616.47
MinimumVisualStudioVersion = 10.0.40219.1
Project("{FAE04EC0-301F-11D3-BF4B-00C04F79EFBC}") = "ProjectExample", "ProjectExample.csproj", "{823A65BC-E813-459B-8979-C903E20383B0}"
EndProject
Global
	GlobalSection(SolutionConfigurationPlatforms) = preSolution
		Debug|Any CPU = Debug|Any CPU
		Release|Any CPU = Release|Any CPU
	EndGlobalSection
	GlobalSection(ProjectConfigurationPlatforms) = postSolution
		{823A65BC-E813-459B-8979-C903E20383B0}.Debug|Any CPU.ActiveCfg = Debug|Any CPU
		{823A65BC-E813-459B-8979-C903E20383B0}.Debug|Any CPU.Build.0 = Debug|Any CPU
		{823A65BC-E813-459B-8979-C903E20383B0}.Release|Any CPU.ActiveCfg = Release|Any CPU
		{823A65BC-E813-459B-8979-C903E20383B0}.Release|Any CPU.Build.0 = Release|Any CPU
	EndGlobalSection
	GlobalSection(SolutionProperties) = preSolution
		HideSolutionNode = FALSE
	EndGlobalSection
	GlobalSection(ExtensibilityGlobals) = postSolution
		SolutionGuid = {7D2EAA2B-7D88-4C07-ABA8-3A4D1DAFA957}
	EndGlobalSection
EndGlobal
